{
  "version": 2,
  "dependencies": {
    "net10.0": {
      "bunit": {
        "type": "Direct",
        "requested": "[2.7.2, )",
        "resolved": "2.7.2",
        "contentHash": "Oe8AI7KU1tPNM1VHTtfdfcxbC2bWnrTW9rAcrEEuZ7JlvsY2NZHvWRa/I2PvfAQifTJf0moe+wZqt8OLbJRklw==",
        "dependencies": {
          "AngleSharp": "1.4.0",
          "AngleSharp.Css": "1.0.0-beta.157",
          "AngleSharp.Diffing": "1.1.1",
          "Microsoft.AspNetCore.Components.WebAssembly": "10.0.0",
          "Microsoft.AspNetCore.Components.WebAssembly.Authentication": "10.0.0"
        }
      },
      "coverlet.collector": {
        "type": "Direct",
        "requested": "[10.0.1, )",
        "resolved": "10.0.1",
        "contentHash": "27jXSV/0DbVqF5jDrAxuQFZ9oaz6gmG03p8ttxAFk+X0M4woFYj7MoWDLCna5EGLb0CE6OE7X6ZH3Wt5smTtaA=="
      },
      "Microsoft.NET.Test.Sdk": {
        "type": "Direct",
        "requested": "[18.8.1, )",
        "resolved": "18.8.1",
        "contentHash": "dknJL3/9Y3t4XuCBqnc0PevPxgLsUMmVhjwup/b1HNovA8zWcj3XsfIf7c6p05363DWcqL7X/YhDL9B+Zymv1w==",
        "dependencies": {
          "Microsoft.CodeCoverage": "18.8.1",
          "Microsoft.TestPlatform.TestHost": "18.8.1"
        }
      },
      "NSubstitute": {
        "type": "Direct",
        "requested": "[6.0.0, )",
        "resolved": "6.0.0",
        "contentHash": "0gvKMbiJ+/WrfbcfBfqRZZrvfLJcd3rqkqVMjjlY5dtmLRVzMY+o/K/rJUStofQ2haSr9Vd04YDfvZtVVGS3/A==",
        "dependencies": {
          "Castle.Core": "5.1.1"
        }
      },
      "xunit.runner.visualstudio": {
        "type": "Direct",
        "requested": "[3.1.5, )",
        "resolved": "3.1.5",
        "contentHash": "tKi7dSTwP4m5m9eXPM2Ime4Kn7xNf4x4zT9sdLO/G4hZVnQCRiMTWoSZqI/pYTVeI27oPPqHBKYI/DjJ9GsYgA=="
      },
      "xunit.v3": {
        "type": "Direct",
        "requested": "[3.2.2, )",
        "resolved": "3.2.2",
        "contentHash": "L+4/4y0Uqcg8/d6hfnxhnwh4j9FaeULvefTwrk30rr1o4n/vdPfyUQ8k0yzH8VJx7bmFEkDdcRfbtbjEHlaYcA==",
        "dependencies": {
          "xunit.v3.mtp-v1": "[3.2.2]"
        }
      },
      "AngleSharp.Css": {
        "type": "Transitive",
        "resolved": "1.0.0-beta.157",
        "contentHash": "yptHmuGt2tzNGCeD7Orh6HRs4j7MH3IUhI+FM640OlmSwWRMd1yjKnicVcNG147IdF/tjOvgqtvpTU0pH6wVpA==",
        "dependencies": {
          "AngleSharp": "[1.0.0, 2.0.0)"
        }
      },
      "AngleSharp.Diffing": {
        "type": "Transitive",
        "resolved": "1.1.1",
        "contentHash": "Uzz5895TpRyMA4t8GExmq4TxXqi3+bZTgb3kJgH+tdwrSuo9CO6Dlmv+Oqyhb2pNRfbnReLUzhlHAuT7c+3jSg==",
        "dependencies": {
          "AngleSharp": "1.1.2",
          "AngleSharp.Css": "1.0.0-beta.144"
        }
      },
      "Castle.Core": {
        "type": "Transitive",
        "resolved": "5.1.1",
        "contentHash": "rpYtIczkzGpf+EkZgDr9CClTdemhsrwA/W5hMoPjLkRFnXzH44zDLoovXeKtmxb1ykXK9aJVODSpiJml8CTw2g=="
      },
      "DistributedLock.Core": {
        "type": "Transitive",
        "resolved": "1.0.8",
        "contentHash": "LAOsY8WxX8JU/n3lfXFz+f2pfnv0+4bHkCrOO3bwa28u9HrS3DlxSG6jf+u76SqesKs+KehZi0CndkfaUXBKvg=="
      },
      "DistributedLock.Postgres": {
        "type": "Transitive",
        "resolved": "1.3.0",
        "contentHash": "CyjXmbhFgG30qPg4DwGnsmZO63y5DBRo+PI2xW0NwtFrsYsMVt/T1RcEUlb36JMKhDkf+euhnkanv/nU+W35qA==",
        "dependencies": {
          "DistributedLock.Core": "[1.0.8, 1.1.0)",
          "Npgsql": "8.0.6"
        }
      },
      "FastExpressionCompiler": {
        "type": "Transitive",
        "resolved": "5.4.1",
        "contentHash": "nqMykMspK5cQd35Y8ulQzAujxCcCwZVUne32pC5xNpXqrbPCuKOPMWkKHJ3LveAZPm6dsVvump0TJ1SZ9RzfTQ=="
      },
      "ImTools": {
        "type": "Transitive",
        "resolved": "4.0.0",
        "contentHash": "dms0JfLKC9AQbQX/EdpRjn59EjEvaCxIgv1z9YxbEQb5SiOVoo7vlIKdEySeEwUkWhN05rZnNpUpG+aw5VqPVQ=="
      },
      "JasperFx": {
        "type": "Transitive",
        "resolved": "2.29.0",
        "contentHash": "MRvTfstfIOipGiqDlw3md4D2DOTDHTt6awF2ctpLOSvK+3gARRE82+dB7cQ9AxPDu7papsPOHhbbOu1c0V5Dkw==",
        "dependencies": {
          "FastExpressionCompiler": "5.4.1",
          "ImTools": "4.0.0",
          "Microsoft.Bcl.TimeProvider": "10.0.0",
          "Polly.Core": "8.6.5",
          "Spectre.Console": "0.55.0"
        }
      },
      "JasperFx.Events": {
        "type": "Transitive",
        "resolved": "2.29.0",
        "contentHash": "OHBfPcnj1uxGG28DsbzBFyapw7Rbq9viggXaMi6Un0KOFOGCrK/vT8oWh8fCijfn3aqbwVOKraQW8FeaSUYImg==",
        "dependencies": {
          "JasperFx": "2.29.0"
        }
      },
      "Microsoft.ApplicationInsights": {
        "type": "Transitive",
        "resolved": "2.23.0",
        "contentHash": "nWArUZTdU7iqZLycLKWe0TDms48KKGE6pONH2terYNa8REXiqixrMOkf1sk5DHGMaUTqONU2YkS4SAXBhLStgw=="
      },
      "Microsoft.AspNetCore.Components.WebAssembly": {
        "type": "Transitive",
        "resolved": "10.0.0",
        "contentHash": "ens4WMX0PBTHxRDYpS3i//VktXi+24my01qXI0P91q2rDMHcIKRN0/sdE+4kB1ZwJpHec9vYxDmmnw/JOcXCwQ==",
        "dependencies": {
          "Microsoft.JSInterop.WebAssembly": "10.0.0"
        }
      },
      "Microsoft.AspNetCore.Components.WebAssembly.Authentication": {
        "type": "Transitive",
        "resolved": "10.0.0",
        "contentHash": "u4cqo7IdawVPAPHDBlyiTmEodGom6m/OnqXnioz71ASA2l7pAebLed5vaErtsGT9Ud0Z1Nudthy+3FBk0BmHjQ=="
      },
      "Microsoft.Bcl.AsyncInterfaces": {
        "type": "Transitive",
        "resolved": "6.0.0",
        "contentHash": "UcSjPsst+DfAdJGVDsu346FX0ci0ah+lw3WRtn18NUwEqRt70HaOQ7lI72vy3+1LxtqI3T5GWwV39rQSrCzAeg=="
      },
      "Microsoft.Bcl.TimeProvider": {
        "type": "Transitive",
        "resolved": "10.0.0",
        "contentHash": "bUubrBD6tRJE3V1kvRloYc6NymH3R5oFKjAS9e0ELNx6u0ZR+zjps9dDQyjgqN/rArzl7f+21KGszj3YRN7F2Q=="
      },
      "Microsoft.CodeCoverage": {
        "type": "Transitive",
        "resolved": "18.8.1",
        "contentHash": "Eclse/ZZjr4lmWzZFNN9h/OluhKL+SK/QbUyKUewgX139aGeyMEO/DkMPwuFs2MixvanTnz6891rF8UHDg+W4Q=="
      },
      "Microsoft.IO.RecyclableMemoryStream": {
        "type": "Transitive",
        "resolved": "3.0.1",
        "contentHash": "s/s20YTVY9r9TPfTrN5g8zPF1YhwxyqO6PxUkrYTGI2B+OGPe9AdajWZrLhFqXIvqIW23fnUE4+ztrUWNU1+9g=="
      },
      "Microsoft.JSInterop.WebAssembly": {
        "type": "Transitive",
        "resolved": "10.0.0",
        "contentHash": "j0lrmG+7X4OZh75IzOX00nkwAEjXSgt2Ul6kjwmVkAOBzd8JC1Q/yJ/fC4jWcIXe4h22881Qq1o46p/TnSNaRQ=="
      },
      "Microsoft.Testing.Extensions.Telemetry": {
        "type": "Transitive",
        "resolved": "1.9.1",
        "contentHash": "No5AudZMmSb+uNXjlgL2y3/stHD2IT4uxqc5yHwkE+/nNux9jbKcaJMvcp9SwgP4DVD8L9/P3OUz8mmmcvEIdQ==",
        "dependencies": {
          "Microsoft.ApplicationInsights": "2.23.0",
          "Microsoft.Testing.Platform": "1.9.1"
        }
      },
      "Microsoft.Testing.Extensions.TrxReport.Abstractions": {
        "type": "Transitive",
        "resolved": "1.9.1",
        "contentHash": "AL46Xe1WBi85Ntd4mNPvat5ZSsZ2uejiVqoKCypr8J3wK0elA5xJ3AN4G/Q4GIwzUFnggZoH/DBjnr9J18IO/g==",
        "dependencies": {
          "Microsoft.Testing.Platform": "1.9.1"
        }
      },
      "Microsoft.Testing.Platform": {
        "type": "Transitive",
        "resolved": "1.9.1",
        "contentHash": "QafNtNSmEI0zazdebnsIkDKmFtTSpmx/5PLOjURWwozcPb3tvRxzosQSL8xwYNM1iPhhKiBksXZyRSE2COisrA=="
      },
      "Microsoft.Testing.Platform.MSBuild": {
        "type": "Transitive",
        "resolved": "1.9.1",
        "contentHash": "oTUtyR4X/s9ytuiNA29FGsNCCH0rNmY5Wdm14NCKLjTM1cT9edVSlA+rGS/mVmusPqcP0l/x9qOnMXg16v87RQ==",
        "dependencies": {
          "Microsoft.Testing.Platform": "1.9.1"
        }
      },
      "Microsoft.TestPlatform.ObjectModel": {
        "type": "Transitive",
        "resolved": "18.8.1",
        "contentHash": "qLbktNB1+b1XZLNJBTzaWVVJAd6PEzD7cgD406geMb6PcFZhp3EDNa1tctWx1+mtMU6MP/6ozVvFPC9vs2a9rw=="
      },
      "Microsoft.TestPlatform.TestHost": {
        "type": "Transitive",
        "resolved": "18.8.1",
        "contentHash": "FaQHPDTUOcE+SFTjssNPfrub2lT9Zyon4J2W/KLHt/efLJACb1TCeWXyOgh0D/4Q1e4n+S3E6mOKud+9nLZlEA==",
        "dependencies": {
          "Microsoft.TestPlatform.ObjectModel": "18.8.1"
        }
      },
      "Microsoft.Win32.Registry": {
        "type": "Transitive",
        "resolved": "5.0.0",
        "contentHash": "dDoKi0PnDz31yAyETfRntsLArTlVAVzUzCIvvEDsDsucrl33Dl8pIJG06ePTJTI3tGpeyHS9Cq7Foc/s4EeKcg=="
      },
      "NetTopologySuite": {
        "type": "Transitive",
        "resolved": "2.5.0",
        "contentHash": "5/+2O2ADomEdUn09mlSigACdqvAf0m/pVPGtIPEPQWnyrVykYY0NlfXLIdkMgi41kvH9kNrPqYaFBTZtHYH7Xw=="
      },
      "NetTopologySuite.IO.PostGis": {
        "type": "Transitive",
        "resolved": "2.1.0",
        "contentHash": "3W8XTFz8iP6GQ5jDXK1/LANHiU+988k1kmmuPWNKcJLpmSg6CvFpbTpz+s4+LBzkAp64wHGOldSlkSuzYfrIKA==",
        "dependencies": {
          "NetTopologySuite": "[2.0.0, 3.0.0-A)"
        }
      },
      "Npgsql": {
        "type": "Transitive",
        "resolved": "9.0.4",
        "contentHash": "68BASXH0FAEuL/J4J0eRfYC8/3vzqQTmoW8zDzNf0JgaVxc7LZeEkS6jaG0ib3voFLxY5ZiCwJG+uQM+mzuu0Q=="
      },
      "Npgsql.NetTopologySuite": {
        "type": "Transitive",
        "resolved": "9.0.4",
        "contentHash": "7AwBLPz8EPmgAXveZ55K0Tz/9bNb8j4VI4pkTOQjyHrce8wWfAA9pefm3REidy+Kt2UFiAWef34YVi7sb/kB4A==",
        "dependencies": {
          "NetTopologySuite": "2.5.0",
          "NetTopologySuite.IO.PostGIS": "2.1.0",
          "Npgsql": "9.0.4"
        }
      },
      "Polly.Core": {
        "type": "Transitive",
        "resolved": "8.6.5",
        "contentHash": "t+sUVrIwvo7UmsgHGgOG9F0GDZSRIm47u2ylH17Gvcv1q5hNEwgD5GoBlFyc0kh/pebmPyrAgvGsR/65ZBaXlg=="
      },
      "Quartz": {
        "type": "Transitive",
        "resolved": "3.18.2",
        "contentHash": "/KaRLj7jv84RSIR/UtAWnzYRmS7o/mA6CdEuoLwxhLa9Nfl7Q1keMA7Fe/r2BzRfDf+7YpN1QNEYSSU89DA3OA=="
      },
      "Quartz.Extensions.DependencyInjection": {
        "type": "Transitive",
        "resolved": "3.18.2",
        "contentHash": "+P0z/WUQZF/QrY5wB1wgvl9/VkiWqGR/K5bdtjW1qiFBraEoe/dqfNTxXQPnSZHnha1qmSBRoa5oA7kwHPsTqA==",
        "dependencies": {
          "Quartz": "3.18.2"
        }
      },
      "Spectre.Console": {
        "type": "Transitive",
        "resolved": "0.55.0",
        "contentHash": "2TVhUHFsDux0Z+y2Hv4bFsOMuON4SuotEEKkMparFkp5Rm259naaaEQrN4Sv6C1cbsiGKPjfkJDGgUp+hZPjTw==",
        "dependencies": {
          "Spectre.Console.Ansi": "0.55.0"
        }
      },
      "Spectre.Console.Ansi": {
        "type": "Transitive",
        "resolved": "0.55.0",
        "contentHash": "GIfgOvuF8MpU52bprhwtDEtx0gmVIGOepM8bw0lH/TSMD0rg1Xp+5Y53kPG8rFVdcpbNANlhDQ5mEVVPO3/2Tg=="
      },
      "Weasel.Core": {
        "type": "Transitive",
        "resolved": "9.17.0",
        "contentHash": "KkIlUx6QS9i1+yk2klpUXeLFaXNWP77+CHQWPnx1wn3QKCz78PNAymI+Lsk/q35Rajzhp+mH7yr7aJrayYttsw==",
        "dependencies": {
          "JasperFx": "2.24.1"
        }
      },
      "Weasel.Postgresql": {
        "type": "Transitive",
        "resolved": "9.17.0",
        "contentHash": "gnRO4Gh280a3OURLHC1uaJZ7eTCDR3ECIpzOJBlUq5vtzHdRFVoZdwQQLxh2WhA1dKeFYNxMeYcMeluG2qDAVg==",
        "dependencies": {
          "DistributedLock.Postgres": "1.3.0",
          "JasperFx.Events": "2.0.0",
          "Npgsql": "9.0.4",
          "Npgsql.NetTopologySuite": "9.0.4",
          "Weasel.Core": "9.17.0"
        }
      },
      "Weasel.Storage": {
        "type": "Transitive",
        "resolved": "9.17.0",
        "contentHash": "r7s13H1xMDx9JK/MiqTRKzZ3rkh2kx9cQMGsoQ2kBsOFaA4F8CMpmkKW+9rC13OAVIxJroaJuGYU0kGMvpFPcg==",
        "dependencies": {
          "JasperFx.Events": "2.0.0",
          "Weasel.Core": "9.17.0"
        }
      },
      "xunit.analyzers": {
        "type": "Transitive",
        "resolved": "1.27.0",
        "contentHash": "y/pxIQaLvk/kxAoDkZW9GnHLCEqzwl5TW0vtX3pweyQpjizB9y3DXhb9pkw2dGeUqhLjsxvvJM1k89JowU6z3g=="
      },
      "xunit.v3.assert": {
        "type": "Transitive",
        "resolved": "3.2.2",
        "contentHash": "BPciBghgEEaJN/JG00QfCYDfEfnLgQhfnYEy+j1izoeHVNYd5+3Wm8GJ6JgYysOhpBPYGE+sbf75JtrRc7jrdA=="
      },
      "xunit.v3.common": {
        "type": "Transitive",
        "resolved": "3.2.2",
        "contentHash": "Hj775PEH6GTbbg0wfKRvG2hNspDCvTH9irXhH4qIWgdrOSV1sQlqPie+DOvFeigsFg2fxSM3ZAaaCDQs+KreFA==",
        "dependencies": {
          "Microsoft.Bcl.AsyncInterfaces": "6.0.0"
        }
      },
      "xunit.v3.core.mtp-v1": {
        "type": "Transitive",
        "resolved": "3.2.2",
        "contentHash": "Ga5aA2Ca9ktz+5k3g5ukzwfexwoqwDUpV6z7atSEUvqtd6JuybU1XopHqg1oFd78QdTfZgZE9h5sHpO4qYIi5w==",
        "dependencies": {
          "Microsoft.Testing.Extensions.Telemetry": "1.9.1",
          "Microsoft.Testing.Extensions.TrxReport.Abstractions": "1.9.1",
          "Microsoft.Testing.Platform": "1.9.1",
          "Microsoft.Testing.Platform.MSBuild": "1.9.1",
          "xunit.v3.extensibility.core": "[3.2.2]",
          "xunit.v3.runner.inproc.console": "[3.2.2]"
        }
      },
      "xunit.v3.extensibility.core": {
        "type": "Transitive",
        "resolved": "3.2.2",
        "contentHash": "srY8z/oMPvh/t8axtO2DwrHajhFMH7tnqKildvYrVQIfICi8fOn3yIBWkVPAcrKmHMwvXRJ/XsQM3VMR6DOYfQ==",
        "dependencies": {
          "xunit.v3.common": "[3.2.2]"
        }
      },
      "xunit.v3.mtp-v1": {
        "type": "Transitive",
        "resolved": "3.2.2",
        "contentHash": "O41aAzYKBT5PWqATa1oEWVNCyEUypFQ4va6K0kz37dduV3EKzXNMaV2UnEhufzU4Cce1I33gg0oldS8tGL5I0A==",
        "dependencies": {
          "xunit.analyzers": "1.27.0",
          "xunit.v3.assert": "[3.2.2]",
          "xunit.v3.core.mtp-v1": "[3.2.2]"
        }
      },
      "xunit.v3.runner.common": {
        "type": "Transitive",
        "resolved": "3.2.2",
        "contentHash": "/hkHkQCzGrugelOAehprm7RIWdsUFVmIVaD6jDH/8DNGCymTlKKPTbGokD5czbAfqfex47mBP0sb0zbHYwrO/g==",
        "dependencies": {
          "Microsoft.Win32.Registry": "[5.0.0]",
          "xunit.v3.common": "[3.2.2]"
        }
      },
      "xunit.v3.runner.inproc.console": {
        "type": "Transitive",
        "resolved": "3.2.2",
        "contentHash": "ulWOdSvCk+bPXijJZ73bth9NyoOHsAs1ZOvamYbCkD4DNLX/Bd29Ve2ZNUwBbK0MqfIYWXHZViy/HKrdEC/izw==",
        "dependencies": {
          "xunit.v3.extensibility.core": "[3.2.2]",
          "xunit.v3.runner.common": "[3.2.2]"
        }
      },
      "andregoepel.marten.identity": {
        "type": "Project",
        "dependencies": {
          "AndreGoepel.Marten.Identity.Abstractions": "[1.5.0, )",
          "Marten": "[9.16.0, )",
          "Marten.AspNetCore": "[9.16.0, )",
          "Quartz.Extensions.Hosting": "[3.18.2, )"
        }
      },
      "andregoepel.marten.identity.abstractions": {
        "type": "Project"
      },
      "andregoepel.marten.identity.blazor": {
        "type": "Project",
        "dependencies": {
          "AndreGoepel.Design.Blazor": "[1.2.1, )",
          "AndreGoepel.Marten.Identity": "[1.5.0, )",
          "Marten": "[9.16.0, )",
          "Radzen.Blazor": "[11.1.6, )"
        }
      },
      "AndreGoepel.Design.Blazor": {
        "type": "CentralTransitive",
        "requested": "[1.2.1, )",
        "resolved": "1.2.1",
        "contentHash": "Ai5Ym4mHwo5BIcZTGpYXnSc3VQn73ZqcLtbcqtKNqKeVaCuMrcboj4+rbuAbAc7IEG9hLRH87VsNaq+6L+JNHQ==",
        "dependencies": {
          "Radzen.Blazor": "11.1.6"
        }
      },
      "AngleSharp": {
        "type": "CentralTransitive",
        "requested": "[1.5.2, )",
        "resolved": "1.5.2",
        "contentHash": "LVZ7rrr6GHbhERhTgVDarVygl1e6KwE96pronA90LBOMacDhxR4lB+xYLjn/vlnUu+xbOB2RM9fuCPEx5bdyWA=="
      },
      "Marten": {
        "type": "CentralTransitive",
        "requested": "[9.16.0, )",
        "resolved": "9.16.0",
        "contentHash": "s0/a3zCrr7u0iymy+l7NevmAMy87tqTYbZjf19+y0iFXTWJ+QYyjlGBriK1R84dSqVVe/s1pxEVbLR0Uq/s7ag==",
        "dependencies": {
          "JasperFx": "2.29.0",
          "JasperFx.Events": "2.29.0",
          "Microsoft.IO.RecyclableMemoryStream": "3.0.1",
          "Weasel.Postgresql": "9.17.0",
          "Weasel.Storage": "9.17.0"
        }
      },
      "Marten.AspNetCore": {
        "type": "CentralTransitive",
        "requested": "[9.16.0, )",
        "resolved": "9.16.0",
        "contentHash": "vi4N+FdsFEVYHD2mgt6maBy2TWjYsKgSM6tqzKwxTRdJzYox3ipGeLsXTWtIvRKHkrNVfpiupnLRqLIqVUR2Ug==",
        "dependencies": {
          "Marten": "9.16.0"
        }
      },
      "Quartz.Extensions.Hosting": {
        "type": "CentralTransitive",
        "requested": "[3.18.2, )",
        "resolved": "3.18.2",
        "contentHash": "6uSMAm4FArjtVoxBjlkA+gHL1Eln2ngIOnRTrVrYxtSlM5PpLQd2aV+fc/OOwfwt+AyDm69HOAybEFqVvyyG2A==",
        "dependencies": {
          "Quartz.Extensions.DependencyInjection": "3.18.2"
        }
      },
      "Radzen.Blazor": {
        "type": "CentralTransitive",
        "requested": "[11.1.6, )",
        "resolved": "11.1.6",
        "contentHash": "Lue6gBxVcSN2SBs8R/ixMXv1iyLImONTzDTdPHzCpFzASaHLccoy6yXXPWU3EKe+mDBJjde9CS/e8juYBkxIOQ=="
      }
    }
  }
}