{
  "version": 2,
  "dependencies": {
    "net10.0": {
      "AndreGoepel.Design.Blazor": {
        "type": "Direct",
        "requested": "[1.0.1, )",
        "resolved": "1.0.1",
        "contentHash": "5wByQLjMD+izn6w35LcMQo1CPk7CmlaMkOl8uMWRxiwFBY+0iS4sW6VlaRwo3Xc66o1BY9zbSJB491Ud6ETKrg==",
        "dependencies": {
          "Radzen.Blazor": "11.1.0"
        }
      },
      "Marten": {
        "type": "Direct",
        "requested": "[9.14.0, )",
        "resolved": "9.14.0",
        "contentHash": "t9jxVXNI8Zu7pIrOlYd6Pj15QWjiP4J+iqj1XGlIe2BX4g+w1AEqu9mgIRf3x0HzvebAAUYEbuUJoq0eRih01w==",
        "dependencies": {
          "JasperFx": "2.24.1",
          "JasperFx.Events": "2.24.1",
          "Microsoft.IO.RecyclableMemoryStream": "3.0.1",
          "Weasel.Postgresql": "9.16.2",
          "Weasel.Storage": "9.16.2"
        }
      },
      "Radzen.Blazor": {
        "type": "Direct",
        "requested": "[11.1.2, )",
        "resolved": "11.1.2",
        "contentHash": "m4/SKWjIAniY/IktzRMxYM2HMYV96IsBsy2F0B4vKzWyneki05HA8jPxzT3vR/fG3tUMjIR/SnRO9Aw6V4n97A=="
      },
      "DistributedLock.Core": {
        "type": "Transitive",
        "resolved": "1.0.8",
        "contentHash": "LAOsY8WxX8JU/n3lfXFz+f2pfnv0+4bHkCrOO3bwa28u9HrS3DlxSG6jf+u76SqesKs+KehZi0CndkfaUXBKvg=="
      },
      "DistributedLock.Postgres": {
        "type": "Transitive",
        "resolved": "1.3.0",
        "contentHash": "CyjXmbhFgG30qPg4DwGnsmZO63y5DBRo+PI2xW0NwtFrsYsMVt/T1RcEUlb36JMKhDkf+euhnkanv/nU+W35qA==",
        "dependencies": {
          "DistributedLock.Core": "[1.0.8, 1.1.0)",
          "Npgsql": "8.0.6"
        }
      },
      "FastExpressionCompiler": {
        "type": "Transitive",
        "resolved": "5.4.1",
        "contentHash": "nqMykMspK5cQd35Y8ulQzAujxCcCwZVUne32pC5xNpXqrbPCuKOPMWkKHJ3LveAZPm6dsVvump0TJ1SZ9RzfTQ=="
      },
      "ImTools": {
        "type": "Transitive",
        "resolved": "4.0.0",
        "contentHash": "dms0JfLKC9AQbQX/EdpRjn59EjEvaCxIgv1z9YxbEQb5SiOVoo7vlIKdEySeEwUkWhN05rZnNpUpG+aw5VqPVQ=="
      },
      "JasperFx": {
        "type": "Transitive",
        "resolved": "2.24.1",
        "contentHash": "fR2IEkvTDLdBpsaqC4ZnGK8+EbAZ6SY6c0cS8aZrw665uIfOE4CT3z6xKfO1+kCQWBa9p4Jgx66a/dO8a+NCAg==",
        "dependencies": {
          "FastExpressionCompiler": "5.4.1",
          "ImTools": "4.0.0",
          "Microsoft.Bcl.TimeProvider": "10.0.0",
          "Polly.Core": "8.6.5",
          "Spectre.Console": "0.55.0"
        }
      },
      "JasperFx.Events": {
        "type": "Transitive",
        "resolved": "2.24.1",
        "contentHash": "ZBFGM+aAJZQTMb6j4n7gP4on3s53yY0aywMr4Ll2bAqcuaA4k/4bHEhwKh6EuPr4b1IdSzVut0vlsC7bmMJG7A==",
        "dependencies": {
          "JasperFx": "2.24.1"
        }
      },
      "Microsoft.Bcl.TimeProvider": {
        "type": "Transitive",
        "resolved": "10.0.0",
        "contentHash": "bUubrBD6tRJE3V1kvRloYc6NymH3R5oFKjAS9e0ELNx6u0ZR+zjps9dDQyjgqN/rArzl7f+21KGszj3YRN7F2Q=="
      },
      "Microsoft.IO.RecyclableMemoryStream": {
        "type": "Transitive",
        "resolved": "3.0.1",
        "contentHash": "s/s20YTVY9r9TPfTrN5g8zPF1YhwxyqO6PxUkrYTGI2B+OGPe9AdajWZrLhFqXIvqIW23fnUE4+ztrUWNU1+9g=="
      },
      "NetTopologySuite": {
        "type": "Transitive",
        "resolved": "2.5.0",
        "contentHash": "5/+2O2ADomEdUn09mlSigACdqvAf0m/pVPGtIPEPQWnyrVykYY0NlfXLIdkMgi41kvH9kNrPqYaFBTZtHYH7Xw=="
      },
      "NetTopologySuite.IO.PostGis": {
        "type": "Transitive",
        "resolved": "2.1.0",
        "contentHash": "3W8XTFz8iP6GQ5jDXK1/LANHiU+988k1kmmuPWNKcJLpmSg6CvFpbTpz+s4+LBzkAp64wHGOldSlkSuzYfrIKA==",
        "dependencies": {
          "NetTopologySuite": "[2.0.0, 3.0.0-A)"
        }
      },
      "Npgsql": {
        "type": "Transitive",
        "resolved": "9.0.4",
        "contentHash": "68BASXH0FAEuL/J4J0eRfYC8/3vzqQTmoW8zDzNf0JgaVxc7LZeEkS6jaG0ib3voFLxY5ZiCwJG+uQM+mzuu0Q=="
      },
      "Npgsql.NetTopologySuite": {
        "type": "Transitive",
        "resolved": "9.0.4",
        "contentHash": "7AwBLPz8EPmgAXveZ55K0Tz/9bNb8j4VI4pkTOQjyHrce8wWfAA9pefm3REidy+Kt2UFiAWef34YVi7sb/kB4A==",
        "dependencies": {
          "NetTopologySuite": "2.5.0",
          "NetTopologySuite.IO.PostGIS": "2.1.0",
          "Npgsql": "9.0.4"
        }
      },
      "Polly.Core": {
        "type": "Transitive",
        "resolved": "8.6.5",
        "contentHash": "t+sUVrIwvo7UmsgHGgOG9F0GDZSRIm47u2ylH17Gvcv1q5hNEwgD5GoBlFyc0kh/pebmPyrAgvGsR/65ZBaXlg=="
      },
      "Quartz": {
        "type": "Transitive",
        "resolved": "3.18.2",
        "contentHash": "/KaRLj7jv84RSIR/UtAWnzYRmS7o/mA6CdEuoLwxhLa9Nfl7Q1keMA7Fe/r2BzRfDf+7YpN1QNEYSSU89DA3OA=="
      },
      "Quartz.Extensions.DependencyInjection": {
        "type": "Transitive",
        "resolved": "3.18.2",
        "contentHash": "+P0z/WUQZF/QrY5wB1wgvl9/VkiWqGR/K5bdtjW1qiFBraEoe/dqfNTxXQPnSZHnha1qmSBRoa5oA7kwHPsTqA==",
        "dependencies": {
          "Quartz": "3.18.2"
        }
      },
      "Spectre.Console": {
        "type": "Transitive",
        "resolved": "0.55.0",
        "contentHash": "2TVhUHFsDux0Z+y2Hv4bFsOMuON4SuotEEKkMparFkp5Rm259naaaEQrN4Sv6C1cbsiGKPjfkJDGgUp+hZPjTw==",
        "dependencies": {
          "Spectre.Console.Ansi": "0.55.0"
        }
      },
      "Spectre.Console.Ansi": {
        "type": "Transitive",
        "resolved": "0.55.0",
        "contentHash": "GIfgOvuF8MpU52bprhwtDEtx0gmVIGOepM8bw0lH/TSMD0rg1Xp+5Y53kPG8rFVdcpbNANlhDQ5mEVVPO3/2Tg=="
      },
      "Weasel.Core": {
        "type": "Transitive",
        "resolved": "9.16.2",
        "contentHash": "Y3XMlH+qst7D9VDpX5DYt6J+zAaTAABUzRNKzSAk4N8+dQhFtJHkQhETGDVMzwV9FNBfPhQsq9iGK/C9WuPXhg==",
        "dependencies": {
          "JasperFx": "2.24.1"
        }
      },
      "Weasel.Postgresql": {
        "type": "Transitive",
        "resolved": "9.16.2",
        "contentHash": "po5nQvpg7EoyKma2bX5bIYJzi8hsot67Hsi3EHwN01DEPW4Ri7V8rXBEmBsMui3IsTJXTBUxSqGyEuWwWH3PJw==",
        "dependencies": {
          "DistributedLock.Postgres": "1.3.0",
          "JasperFx.Events": "2.0.0",
          "Npgsql": "9.0.4",
          "Npgsql.NetTopologySuite": "9.0.4",
          "Weasel.Core": "9.16.2"
        }
      },
      "Weasel.Storage": {
        "type": "Transitive",
        "resolved": "9.16.2",
        "contentHash": "r3d4MPP/yyLErdc9q3Uqk+/MoRVMK2Q9yvFkI6fPBL06g5gZIlpMEDyed8lZEK4vuZqTSJL71fdV/N9gAyMisg==",
        "dependencies": {
          "JasperFx.Events": "2.0.0",
          "Weasel.Core": "9.16.2"
        }
      },
      "andregoepel.marten.identity": {
        "type": "Project",
        "dependencies": {
          "AndreGoepel.Marten.Identity.Abstractions": "[1.0.0, )",
          "Marten": "[9.14.0, )",
          "Marten.AspNetCore": "[9.14.0, )",
          "Quartz.Extensions.Hosting": "[3.18.2, )"
        }
      },
      "andregoepel.marten.identity.abstractions": {
        "type": "Project"
      },
      "Marten.AspNetCore": {
        "type": "CentralTransitive",
        "requested": "[9.14.0, )",
        "resolved": "9.14.0",
        "contentHash": "Fc5oBUZMMMefZM65gtCfU69VYgoM0ynpZSHRRQzNVNq4fkoBWuHCd9me7apGOBEY8fCvtaq8Y5XSX/HA1/tReQ==",
        "dependencies": {
          "Marten": "9.14.0"
        }
      },
      "Quartz.Extensions.Hosting": {
        "type": "CentralTransitive",
        "requested": "[3.18.2, )",
        "resolved": "3.18.2",
        "contentHash": "6uSMAm4FArjtVoxBjlkA+gHL1Eln2ngIOnRTrVrYxtSlM5PpLQd2aV+fc/OOwfwt+AyDm69HOAybEFqVvyyG2A==",
        "dependencies": {
          "Quartz.Extensions.DependencyInjection": "3.18.2"
        }
      }
    }
  }
}