{
  "version": 2,
  "dependencies": {
    "net10.0": {
      "AndreGoepel.Core": {
        "type": "Direct",
        "requested": "[1.0.4, )",
        "resolved": "1.0.4",
        "contentHash": "D1IuyRsi3D2vFW+opB/uz5Y7IB8lcqn/JzINMThO2fKHXVuFIwVkI+9DidNxJBSbEfe/WiV3fWubXI6KTE2lOw=="
      },
      "AndreGoepel.Marten.Configuration": {
        "type": "Direct",
        "requested": "[1.2.5, )",
        "resolved": "1.2.5",
        "contentHash": "66cGukKc7uS1JF6nBNlyvKVmWHj8GhOkKtDea9UUQGobiL20A2V/XUBDUeHXAm4a2W3JDfpP/17n3957kyLAUQ==",
        "dependencies": {
          "Marten": "9.39.0"
        }
      },
      "Marten": {
        "type": "Direct",
        "requested": "[9.43.0, )",
        "resolved": "9.43.0",
        "contentHash": "eoQSr7Ur+G79lPg/6k32p19Efv2C7U/CtRSpLCacogDtOdvg5Cs9xzsrKdjzmGcwXukBbuohTJ5triqjRfpQcA==",
        "dependencies": {
          "JasperFx": "2.78.0",
          "JasperFx.Events": "2.78.0",
          "Microsoft.IO.RecyclableMemoryStream": "3.0.1",
          "Weasel.Postgresql": "9.37.0",
          "Weasel.Storage": "9.37.0"
        }
      },
      "Marten.AspNetCore": {
        "type": "Direct",
        "requested": "[9.43.0, )",
        "resolved": "9.43.0",
        "contentHash": "r8evlUYR0q/c1DnNyjNdPuN59hEdNoceNFvNG+Zsie47QqCz5Ckn5ds6zQjDYi/sDHNJ0P+2rGy+wL6RWIDv/g==",
        "dependencies": {
          "Marten": "9.43.0"
        }
      },
      "Quartz.Extensions.Hosting": {
        "type": "Direct",
        "requested": "[4.3.0, )",
        "resolved": "4.3.0",
        "contentHash": "U6AMOBonHotNrY0UjIRjab0vbn5dcvgPU9l3gOF4bg9nLdUisyAhQN80k+CN/dl5e0dUXpDcvp08wWX2ewbkww==",
        "dependencies": {
          "Quartz": "4.3.0"
        }
      },
      "FastExpressionCompiler": {
        "type": "Transitive",
        "resolved": "5.4.1",
        "contentHash": "nqMykMspK5cQd35Y8ulQzAujxCcCwZVUne32pC5xNpXqrbPCuKOPMWkKHJ3LveAZPm6dsVvump0TJ1SZ9RzfTQ=="
      },
      "ImTools": {
        "type": "Transitive",
        "resolved": "4.0.0",
        "contentHash": "dms0JfLKC9AQbQX/EdpRjn59EjEvaCxIgv1z9YxbEQb5SiOVoo7vlIKdEySeEwUkWhN05rZnNpUpG+aw5VqPVQ=="
      },
      "JasperFx": {
        "type": "Transitive",
        "resolved": "2.78.0",
        "contentHash": "/1uwNqLmPhUC2CsRKWb/YrQ/A3DaWadorr/DkpqU1rtV+ozSNMhVeNrrfE33/Vb+pKrx8hLos/TS36GusKVt0Q==",
        "dependencies": {
          "FastExpressionCompiler": "5.4.1",
          "ImTools": "4.0.0",
          "Microsoft.Bcl.TimeProvider": "10.0.0",
          "Polly.Core": "8.6.5",
          "Spectre.Console": "0.55.0"
        }
      },
      "JasperFx.Events": {
        "type": "Transitive",
        "resolved": "2.78.0",
        "contentHash": "x4uRnJveffMBPU8P7aw8b+LWCaTbmJJ/kgiBh0rImx/Mb9FBvNzFo1nI3GiRmip+XoUQtofiGqqiwbcONZRLaA==",
        "dependencies": {
          "JasperFx": "2.78.0"
        }
      },
      "Microsoft.Bcl.TimeProvider": {
        "type": "Transitive",
        "resolved": "10.0.0",
        "contentHash": "bUubrBD6tRJE3V1kvRloYc6NymH3R5oFKjAS9e0ELNx6u0ZR+zjps9dDQyjgqN/rArzl7f+21KGszj3YRN7F2Q=="
      },
      "Microsoft.IO.RecyclableMemoryStream": {
        "type": "Transitive",
        "resolved": "3.0.1",
        "contentHash": "s/s20YTVY9r9TPfTrN5g8zPF1YhwxyqO6PxUkrYTGI2B+OGPe9AdajWZrLhFqXIvqIW23fnUE4+ztrUWNU1+9g=="
      },
      "NetTopologySuite": {
        "type": "Transitive",
        "resolved": "2.5.0",
        "contentHash": "5/+2O2ADomEdUn09mlSigACdqvAf0m/pVPGtIPEPQWnyrVykYY0NlfXLIdkMgi41kvH9kNrPqYaFBTZtHYH7Xw=="
      },
      "NetTopologySuite.IO.PostGis": {
        "type": "Transitive",
        "resolved": "2.1.0",
        "contentHash": "3W8XTFz8iP6GQ5jDXK1/LANHiU+988k1kmmuPWNKcJLpmSg6CvFpbTpz+s4+LBzkAp64wHGOldSlkSuzYfrIKA==",
        "dependencies": {
          "NetTopologySuite": "[2.0.0, 3.0.0-A)"
        }
      },
      "Npgsql": {
        "type": "Transitive",
        "resolved": "9.0.4",
        "contentHash": "68BASXH0FAEuL/J4J0eRfYC8/3vzqQTmoW8zDzNf0JgaVxc7LZeEkS6jaG0ib3voFLxY5ZiCwJG+uQM+mzuu0Q=="
      },
      "Npgsql.NetTopologySuite": {
        "type": "Transitive",
        "resolved": "9.0.4",
        "contentHash": "7AwBLPz8EPmgAXveZ55K0Tz/9bNb8j4VI4pkTOQjyHrce8wWfAA9pefm3REidy+Kt2UFiAWef34YVi7sb/kB4A==",
        "dependencies": {
          "NetTopologySuite": "2.5.0",
          "NetTopologySuite.IO.PostGIS": "2.1.0",
          "Npgsql": "9.0.4"
        }
      },
      "Patched.DistributedLock.Core": {
        "type": "Transitive",
        "resolved": "1.0.11",
        "contentHash": "JUDAhM5ca24AxE+3OGFYGQoPszKkEOLX7jykJgglJxam668Cf5aHmB/MOJR7/fWZPWFC0egwQ9S9yQyzrFaECA=="
      },
      "Patched.DistributedLock.Postgres": {
        "type": "Transitive",
        "resolved": "1.3.3",
        "contentHash": "dCk328m177iENwX1TpUhoYapIAncPwYbeahz8YPb3IXMalteLl6p2w+cSmhDMptlu9zesjUGBYLmHi4Mu3X5fw==",
        "dependencies": {
          "Npgsql": "8.0.6",
          "Patched.DistributedLock.Core": "[1.0.11, 1.1.0)"
        }
      },
      "Polly.Core": {
        "type": "Transitive",
        "resolved": "8.6.5",
        "contentHash": "t+sUVrIwvo7UmsgHGgOG9F0GDZSRIm47u2ylH17Gvcv1q5hNEwgD5GoBlFyc0kh/pebmPyrAgvGsR/65ZBaXlg=="
      },
      "Quartz": {
        "type": "Transitive",
        "resolved": "4.3.0",
        "contentHash": "sjWlYGxMrU3QhcGV2257OSZm59ACgvDbJa59e9LUrHA5FE/s+Mpwmos6vwEnBuhW872ky5gxTm6ARBC48xVCbg=="
      },
      "Spectre.Console": {
        "type": "Transitive",
        "resolved": "0.55.0",
        "contentHash": "2TVhUHFsDux0Z+y2Hv4bFsOMuON4SuotEEKkMparFkp5Rm259naaaEQrN4Sv6C1cbsiGKPjfkJDGgUp+hZPjTw==",
        "dependencies": {
          "Spectre.Console.Ansi": "0.55.0"
        }
      },
      "Spectre.Console.Ansi": {
        "type": "Transitive",
        "resolved": "0.55.0",
        "contentHash": "GIfgOvuF8MpU52bprhwtDEtx0gmVIGOepM8bw0lH/TSMD0rg1Xp+5Y53kPG8rFVdcpbNANlhDQ5mEVVPO3/2Tg=="
      },
      "Weasel.Core": {
        "type": "Transitive",
        "resolved": "9.37.0",
        "contentHash": "h+4iH85ZMiJd+3vwkm/CVcew3DdoaN8V1itImh2WKbuSH2oZT+beg8PxyjtazVLBku5qoKF5FlDUikpoOeI/TA==",
        "dependencies": {
          "JasperFx": "2.76.0"
        }
      },
      "Weasel.Postgresql": {
        "type": "Transitive",
        "resolved": "9.37.0",
        "contentHash": "nOpwRa39yTs+HvbUGQ3Qjc0uwF1UZxooQYnjLqUp4EUc+PurP1n1+O5ZvYZg5SfyKsnPGN+sEPvGS0tn5UR16Q==",
        "dependencies": {
          "JasperFx.Events": "2.76.0",
          "Npgsql": "9.0.4",
          "Npgsql.NetTopologySuite": "9.0.4",
          "Patched.DistributedLock.Postgres": "1.3.3",
          "Weasel.Core": "9.37.0"
        }
      },
      "Weasel.Storage": {
        "type": "Transitive",
        "resolved": "9.37.0",
        "contentHash": "X4dNMkTgvqdgbi4MJbfCYIiWMGmq46p5e/Xxb5Qo9ad9WxstSTXEE0ETBVYYbYnC/gge+p0NnLZQUC5sbu0GpA==",
        "dependencies": {
          "JasperFx.Events": "2.76.0",
          "Weasel.Core": "9.37.0"
        }
      },
      "andregoepel.marten.identity.abstractions": {
        "type": "Project"
      }
    }
  }
}